
Microsoft Visual Studio Solution File, Format Version 12.00
# Visual Studio 15
VisualStudioVersion = 15.0.28010.2048
MinimumVisualStudioVersion = 10.0.40219.1
Project("{FAE04EC0-301F-11D3-BF4B-00C04F79EFBC}") = "LJournizer", "LJournizer\LJournizer.csproj", "{12EDE12C-EE47-41EF-93CC-EE4B5CB5B61F}"
EndProject
Global
	GlobalSection(SolutionConfigurationPlatforms) = preSolution
		Debug|Any CPU = Debug|Any CPU
		Release|Any CPU = Release|Any CPU
	EndGlobalSection
	GlobalSection(ProjectConfigurationPlatforms) = postSolution
		{12EDE12C-EE47-41EF-93CC-EE4B5CB5B61F}.Debug|Any CPU.ActiveCfg = Debug|Any CPU
		{12EDE12C-EE47-41EF-93CC-EE4B5CB5B61F}.Debug|Any CPU.Build.0 = Debug|Any CPU
		{12EDE12C-EE47-41EF-93CC-EE4B5CB5B61F}.Release|Any CPU.ActiveCfg = Release|Any CPU
		{12EDE12C-EE47-41EF-93CC-EE4B5CB5B61F}.Release|Any CPU.Build.0 = Release|Any CPU
	EndGlobalSection
	GlobalSection(SolutionProperties) = preSolution
		HideSolutionNode = FALSE
	EndGlobalSection
	GlobalSection(ExtensibilityGlobals) = postSolution
		SolutionGuid = {CB79669F-A1CF-4ABE-A237-21E7D10F3304}
	EndGlobalSection
EndGlobal
